
Microsoft Visual Studio Solution File, Format Version 12.00
# Visual Studio Version 17
VisualStudioVersion = 17.1.32210.238
MinimumVisualStudioVersion = 10.0.40219.1
Project("{FAE04EC0-301F-11D3-BF4B-00C04F79EFBC}") = "Laba 4.1 2023", "Laba 4 2023\Laba 4.1 2023.csproj", "{69A05FC2-1C1D-40BE-AF2D-B2E3D5EB0CA6}"
EndProject
Global
	GlobalSection(SolutionConfigurationPlatforms) = preSolution
		Debug|Any CPU = Debug|Any CPU
		Release|Any CPU = Release|Any CPU
	EndGlobalSection
	GlobalSection(ProjectConfigurationPlatforms) = postSolution
		{69A05FC2-1C1D-40BE-AF2D-B2E3D5EB0CA6}.Debug|Any CPU.ActiveCfg = Debug|Any CPU
		{69A05FC2-1C1D-40BE-AF2D-B2E3D5EB0CA6}.Debug|Any CPU.Build.0 = Debug|Any CPU
		{69A05FC2-1C1D-40BE-AF2D-B2E3D5EB0CA6}.Release|Any CPU.ActiveCfg = Release|Any CPU
		{69A05FC2-1C1D-40BE-AF2D-B2E3D5EB0CA6}.Release|Any CPU.Build.0 = Release|Any CPU
	EndGlobalSection
	GlobalSection(SolutionProperties) = preSolution
		HideSolutionNode = FALSE
	EndGlobalSection
	GlobalSection(ExtensibilityGlobals) = postSolution
		SolutionGuid = {22D3DCC8-92F5-48BA-97D3-BFF0472CA5AE}
	EndGlobalSection
EndGlobal
